
Microsoft Visual Studio Solution File, Format Version 12.00
# Visual Studio Version 17
VisualStudioVersion = 17.0.31903.59
MinimumVisualStudioVersion = 10.0.40219.1
Project("{2150E333-8FDC-42A3-9474-1A3956D46DE8}") = "booking-microservice", "booking-microservice", "{FF192945-65A0-9462-5631-63777B217375}"
EndProject
Project("{FAE04EC0-301F-11D3-BF4B-00C04F79EFBC}") = "Domain", "booking-microservice\Domain\Domain.csproj", "{1558B619-5B6D-46B7-A86A-7DD58E44B9D2}"
EndProject
Project("{FAE04EC0-301F-11D3-BF4B-00C04F79EFBC}") = "Application", "booking-microservice\Application\Application.csproj", "{61DC9434-3B75-4461-B570-62146B6FD178}"
EndProject
Project("{FAE04EC0-301F-11D3-BF4B-00C04F79EFBC}") = "Infrastructure", "booking-microservice\Infrastructure\Infrastructure.csproj", "{D668DA35-F82E-4F4E-BBF8-B4526D029725}"
EndProject
Project("{FAE04EC0-301F-11D3-BF4B-00C04F79EFBC}") = "InterfaceAdapters", "booking-microservice\InterfaceAdapters\InterfaceAdapters.csproj", "{D2050153-1549-4130-8B8A-7BB12987A0D0}"
EndProject
Project("{2150E333-8FDC-42A3-9474-1A3956D46DE8}") = "user-microservice", "user-microservice", "{59547872-EBD2-A470-7E99-F9A3996BA87D}"
EndProject
Project("{FAE04EC0-301F-11D3-BF4B-00C04F79EFBC}") = "Domain", "user-microservice\Domain\Domain.csproj", "{C2CB2953-8ACF-43D5-B114-737E7193A0D2}"
EndProject
Project("{FAE04EC0-301F-11D3-BF4B-00C04F79EFBC}") = "Application", "user-microservice\Application\Application.csproj", "{57BCE20E-EB0B-40E2-8397-0F41FE06194C}"
EndProject
Project("{FAE04EC0-301F-11D3-BF4B-00C04F79EFBC}") = "Infrastructure", "user-microservice\Infrastructure\Infrastructure.csproj", "{7A1DF391-DC77-4347-BA7A-A89265945D8E}"
EndProject
Project("{FAE04EC0-301F-11D3-BF4B-00C04F79EFBC}") = "InterfaceAdapters", "user-microservice\InterfaceAdapters\InterfaceAdapters.csproj", "{CBA77182-671B-4E5F-BFCE-6EE6D3025EAF}"
EndProject
Project("{2150E333-8FDC-42A3-9474-1A3956D46DE8}") = "clubs-microservice", "clubs-microservice", "{0820D0B8-BC19-A472-9C1E-7B8847E560FD}"
EndProject
Project("{FAE04EC0-301F-11D3-BF4B-00C04F79EFBC}") = "Domain", "clubs-microservice\Domain\Domain.csproj", "{BF22D014-F42D-421B-9F37-951DC08FD730}"
EndProject
Project("{FAE04EC0-301F-11D3-BF4B-00C04F79EFBC}") = "Application", "clubs-microservice\Application\Application.csproj", "{CE4E054C-94C1-4A74-8E8F-44C00F1F867A}"
EndProject
Project("{FAE04EC0-301F-11D3-BF4B-00C04F79EFBC}") = "Infrastructure", "clubs-microservice\Infrastructure\Infrastructure.csproj", "{F3B21CA9-E6EC-4704-B74A-6ACD12F5F7D0}"
EndProject
Project("{FAE04EC0-301F-11D3-BF4B-00C04F79EFBC}") = "InterfaceAdapters", "clubs-microservice\InterfaceAdapters\InterfaceAdapters.csproj", "{361E444F-980F-4B59-B503-6DDAB99C6BBB}"
EndProject
Project("{2150E333-8FDC-42A3-9474-1A3956D46DE8}") = "courts-microservice", "courts-microservice", "{F62840DF-BAF7-ED17-C6D1-D3FAC62A01AA}"
EndProject
Project("{FAE04EC0-301F-11D3-BF4B-00C04F79EFBC}") = "Domain", "courts-microservice\Domain\Domain.csproj", "{0596BDFA-E031-4C83-B423-12430FAED35B}"
EndProject
Project("{FAE04EC0-301F-11D3-BF4B-00C04F79EFBC}") = "Application", "courts-microservice\Application\Application.csproj", "{19395002-B630-49A0-A69E-13F07F4C5CDC}"
EndProject
Project("{FAE04EC0-301F-11D3-BF4B-00C04F79EFBC}") = "Infrastructure", "courts-microservice\Infrastructure\Infrastructure.csproj", "{D0BF1BEB-16E0-49CE-859E-5DECBCC5EEA7}"
EndProject
Project("{FAE04EC0-301F-11D3-BF4B-00C04F79EFBC}") = "InterfaceAdapters", "courts-microservice\InterfaceAdapters\InterfaceAdapters.csproj", "{E9B25833-8587-4557-BA74-5C4E98C66B44}"
EndProject
Project("{2150E333-8FDC-42A3-9474-1A3956D46DE8}") = "user-query-microservice", "user-query-microservice", "{A6348D1F-1FAB-4A32-0A12-CD6EE28B59B5}"
EndProject
Project("{FAE04EC0-301F-11D3-BF4B-00C04F79EFBC}") = "Domain", "user-query-microservice\Domain\Domain.csproj", "{3B460ED5-356B-4CEB-8E43-740ADF0EE530}"
EndProject
Project("{FAE04EC0-301F-11D3-BF4B-00C04F79EFBC}") = "Application", "user-query-microservice\Application\Application.csproj", "{4C34D94E-8E89-4613-8DCD-0A3993069E1A}"
EndProject
Project("{FAE04EC0-301F-11D3-BF4B-00C04F79EFBC}") = "Infrastructure", "user-query-microservice\Infrastructure\Infrastructure.csproj", "{23E5AA52-7799-4101-8A46-A51C22133A7C}"
EndProject
Project("{FAE04EC0-301F-11D3-BF4B-00C04F79EFBC}") = "InterfaceAdapters", "user-query-microservice\InterfaceAdapters\InterfaceAdapters.csproj", "{8745D6DB-8D94-4C23-B517-DAD14AEB5425}"
EndProject
Project("{2150E333-8FDC-42A3-9474-1A3956D46DE8}") = "booking-query-microservice", "booking-query-microservice", "{1F0BB333-184F-8FB3-1B82-C450A05A9D83}"
EndProject
Project("{FAE04EC0-301F-11D3-BF4B-00C04F79EFBC}") = "Domain", "booking-query-microservice\Domain\Domain.csproj", "{F460D1D7-C1A5-4EE8-9059-4E35C69179E5}"
EndProject
Project("{FAE04EC0-301F-11D3-BF4B-00C04F79EFBC}") = "Application", "booking-query-microservice\Application\Application.csproj", "{4B37235E-779C-4F31-8923-CE25B329C7D3}"
EndProject
Project("{FAE04EC0-301F-11D3-BF4B-00C04F79EFBC}") = "Infrastructure", "booking-query-microservice\Infrastructure\Infrastructure.csproj", "{2B48208D-2843-453A-8CE9-196536AADA68}"
EndProject
Project("{FAE04EC0-301F-11D3-BF4B-00C04F79EFBC}") = "InterfaceAdapters", "booking-query-microservice\InterfaceAdapters\InterfaceAdapters.csproj", "{7109BE38-1331-490E-B844-8C2415A479CE}"
EndProject
Project("{2150E333-8FDC-42A3-9474-1A3956D46DE8}") = "clubs-query-microservice", "clubs-query-microservice", "{364A0AD3-B048-50E5-F245-7897C53107C9}"
EndProject
Project("{FAE04EC0-301F-11D3-BF4B-00C04F79EFBC}") = "Domain", "clubs-query-microservice\Domain\Domain.csproj", "{8E02FE72-EBF2-4752-913C-BD9AA0CF37A4}"
EndProject
Project("{FAE04EC0-301F-11D3-BF4B-00C04F79EFBC}") = "Application", "clubs-query-microservice\Application\Application.csproj", "{983E77D9-B8F2-4D9A-B9EC-72CF604B060E}"
EndProject
Project("{FAE04EC0-301F-11D3-BF4B-00C04F79EFBC}") = "Infrastructure", "clubs-query-microservice\Infrastructure\Infrastructure.csproj", "{E9AF2D17-2DE0-406A-B166-80030D9E41A1}"
EndProject
Project("{FAE04EC0-301F-11D3-BF4B-00C04F79EFBC}") = "InterfaceAdapters", "clubs-query-microservice\InterfaceAdapters\InterfaceAdapters.csproj", "{E6244468-9A5F-4F45-9030-4D7349DB0C0B}"
EndProject
Project("{2150E333-8FDC-42A3-9474-1A3956D46DE8}") = "courts-query-microservice", "courts-query-microservice", "{0D58426B-2B43-B367-D2FB-A8E8F27F619A}"
EndProject
Project("{FAE04EC0-301F-11D3-BF4B-00C04F79EFBC}") = "Domain", "courts-query-microservice\Domain\Domain.csproj", "{F88BD593-59F2-4A3C-8F54-1FADCC305890}"
EndProject
Project("{FAE04EC0-301F-11D3-BF4B-00C04F79EFBC}") = "Application", "courts-query-microservice\Application\Application.csproj", "{93133334-6E7F-4BBA-8A00-C20C33F9F552}"
EndProject
Project("{FAE04EC0-301F-11D3-BF4B-00C04F79EFBC}") = "Infrastructure", "courts-query-microservice\Infrastructure\Infrastructure.csproj", "{D6045EB5-7E18-4FE6-ACBF-089FD1676A27}"
EndProject
Project("{2150E333-8FDC-42A3-9474-1A3956D46DE8}") = "association-booking-users-microservice", "association-booking-users-microservice", "{9DAF97FD-B772-4BB5-402F-9920BC27409A}"
EndProject
Project("{FAE04EC0-301F-11D3-BF4B-00C04F79EFBC}") = "Domain", "association-booking-users-microservice\Domain\Domain.csproj", "{B2CBAF64-DA40-48EB-A884-32AC0F3411C4}"
EndProject
Project("{FAE04EC0-301F-11D3-BF4B-00C04F79EFBC}") = "Application", "association-booking-users-microservice\Application\Application.csproj", "{08F2F47A-8F39-4272-B0C6-34AB5B1C4A37}"
EndProject
Project("{FAE04EC0-301F-11D3-BF4B-00C04F79EFBC}") = "Infrastructure", "association-booking-users-microservice\Infrastructure\Infrastructure.csproj", "{A9E5DD31-675A-4CC1-BA37-3DCE246DD81B}"
EndProject
Project("{FAE04EC0-301F-11D3-BF4B-00C04F79EFBC}") = "InterfaceAdapters", "association-booking-users-microservice\InterfaceAdapters\InterfaceAdapters.csproj", "{82E02AAA-5115-43F1-9D14-A1539F1A1FAC}"
EndProject
Project("{2150E333-8FDC-42A3-9474-1A3956D46DE8}") = "association-booking-users-query-microservice", "association-booking-users-query-microservice", "{80C24F1A-F2DD-E5BB-E216-952523438F4B}"
EndProject
Project("{FAE04EC0-301F-11D3-BF4B-00C04F79EFBC}") = "Domain", "association-booking-users-query-microservice\Domain\Domain.csproj", "{5F418ACD-D9C0-4A25-8FA1-54AD24656EC1}"
EndProject
Project("{FAE04EC0-301F-11D3-BF4B-00C04F79EFBC}") = "Application", "association-booking-users-query-microservice\Application\Application.csproj", "{030D075D-443E-4CB2-A601-C597F469F818}"
EndProject
Project("{FAE04EC0-301F-11D3-BF4B-00C04F79EFBC}") = "Infrastructure", "association-booking-users-query-microservice\Infrastructure\Infrastructure.csproj", "{30CD9E01-4A36-4C44-98C3-273840D835C1}"
EndProject
Project("{FAE04EC0-301F-11D3-BF4B-00C04F79EFBC}") = "InterfaceAdapters", "association-booking-users-query-microservice\InterfaceAdapters\InterfaceAdapters.csproj", "{EEFCE1B7-51CC-4F82-B8F1-DE8FE6FAA9BA}"
EndProject
Project("{FAE04EC0-301F-11D3-BF4B-00C04F79EFBC}") = "Contracts", "Contracts\Contracts.csproj", "{E12D3D95-B5E7-45D5-9F95-15E97B6FB1CE}"
EndProject
Global
	GlobalSection(SolutionConfigurationPlatforms) = preSolution
		Debug|Any CPU = Debug|Any CPU
		Debug|x64 = Debug|x64
		Debug|x86 = Debug|x86
		Release|Any CPU = Release|Any CPU
		Release|x64 = Release|x64
		Release|x86 = Release|x86
	EndGlobalSection
	GlobalSection(ProjectConfigurationPlatforms) = postSolution
		{1558B619-5B6D-46B7-A86A-7DD58E44B9D2}.Debug|Any CPU.ActiveCfg = Debug|Any CPU
		{1558B619-5B6D-46B7-A86A-7DD58E44B9D2}.Debug|Any CPU.Build.0 = Debug|Any CPU
		{1558B619-5B6D-46B7-A86A-7DD58E44B9D2}.Debug|x64.ActiveCfg = Debug|Any CPU
		{1558B619-5B6D-46B7-A86A-7DD58E44B9D2}.Debug|x64.Build.0 = Debug|Any CPU
		{1558B619-5B6D-46B7-A86A-7DD58E44B9D2}.Debug|x86.ActiveCfg = Debug|Any CPU
		{1558B619-5B6D-46B7-A86A-7DD58E44B9D2}.Debug|x86.Build.0 = Debug|Any CPU
		{1558B619-5B6D-46B7-A86A-7DD58E44B9D2}.Release|Any CPU.ActiveCfg = Release|Any CPU
		{1558B619-5B6D-46B7-A86A-7DD58E44B9D2}.Release|Any CPU.Build.0 = Release|Any CPU
		{1558B619-5B6D-46B7-A86A-7DD58E44B9D2}.Release|x64.ActiveCfg = Release|Any CPU
		{1558B619-5B6D-46B7-A86A-7DD58E44B9D2}.Release|x64.Build.0 = Release|Any CPU
		{1558B619-5B6D-46B7-A86A-7DD58E44B9D2}.Release|x86.ActiveCfg = Release|Any CPU
		{1558B619-5B6D-46B7-A86A-7DD58E44B9D2}.Release|x86.Build.0 = Release|Any CPU
		{61DC9434-3B75-4461-B570-62146B6FD178}.Debug|Any CPU.ActiveCfg = Debug|Any CPU
		{61DC9434-3B75-4461-B570-62146B6FD178}.Debug|Any CPU.Build.0 = Debug|Any CPU
		{61DC9434-3B75-4461-B570-62146B6FD178}.Debug|x64.ActiveCfg = Debug|Any CPU
		{61DC9434-3B75-4461-B570-62146B6FD178}.Debug|x64.Build.0 = Debug|Any CPU
		{61DC9434-3B75-4461-B570-62146B6FD178}.Debug|x86.ActiveCfg = Debug|Any CPU
		{61DC9434-3B75-4461-B570-62146B6FD178}.Debug|x86.Build.0 = Debug|Any CPU
		{61DC9434-3B75-4461-B570-62146B6FD178}.Release|Any CPU.ActiveCfg = Release|Any CPU
		{61DC9434-3B75-4461-B570-62146B6FD178}.Release|Any CPU.Build.0 = Release|Any CPU
		{61DC9434-3B75-4461-B570-62146B6FD178}.Release|x64.ActiveCfg = Release|Any CPU
		{61DC9434-3B75-4461-B570-62146B6FD178}.Release|x64.Build.0 = Release|Any CPU
		{61DC9434-3B75-4461-B570-62146B6FD178}.Release|x86.ActiveCfg = Release|Any CPU
		{61DC9434-3B75-4461-B570-62146B6FD178}.Release|x86.Build.0 = Release|Any CPU
		{D668DA35-F82E-4F4E-BBF8-B4526D029725}.Debug|Any CPU.ActiveCfg = Debug|Any CPU
		{D668DA35-F82E-4F4E-BBF8-B4526D029725}.Debug|Any CPU.Build.0 = Debug|Any CPU
		{D668DA35-F82E-4F4E-BBF8-B4526D029725}.Debug|x64.ActiveCfg = Debug|Any CPU
		{D668DA35-F82E-4F4E-BBF8-B4526D029725}.Debug|x64.Build.0 = Debug|Any CPU
		{D668DA35-F82E-4F4E-BBF8-B4526D029725}.Debug|x86.ActiveCfg = Debug|Any CPU
		{D668DA35-F82E-4F4E-BBF8-B4526D029725}.Debug|x86.Build.0 = Debug|Any CPU
		{D668DA35-F82E-4F4E-BBF8-B4526D029725}.Release|Any CPU.ActiveCfg = Release|Any CPU
		{D668DA35-F82E-4F4E-BBF8-B4526D029725}.Release|Any CPU.Build.0 = Release|Any CPU
		{D668DA35-F82E-4F4E-BBF8-B4526D029725}.Release|x64.ActiveCfg = Release|Any CPU
		{D668DA35-F82E-4F4E-BBF8-B4526D029725}.Release|x64.Build.0 = Release|Any CPU
		{D668DA35-F82E-4F4E-BBF8-B4526D029725}.Release|x86.ActiveCfg = Release|Any CPU
		{D668DA35-F82E-4F4E-BBF8-B4526D029725}.Release|x86.Build.0 = Release|Any CPU
		{D2050153-1549-4130-8B8A-7BB12987A0D0}.Debug|Any CPU.ActiveCfg = Debug|Any CPU
		{D2050153-1549-4130-8B8A-7BB12987A0D0}.Debug|Any CPU.Build.0 = Debug|Any CPU
		{D2050153-1549-4130-8B8A-7BB12987A0D0}.Debug|x64.ActiveCfg = Debug|Any CPU
		{D2050153-1549-4130-8B8A-7BB12987A0D0}.Debug|x64.Build.0 = Debug|Any CPU
		{D2050153-1549-4130-8B8A-7BB12987A0D0}.Debug|x86.ActiveCfg = Debug|Any CPU
		{D2050153-1549-4130-8B8A-7BB12987A0D0}.Debug|x86.Build.0 = Debug|Any CPU
		{D2050153-1549-4130-8B8A-7BB12987A0D0}.Release|Any CPU.ActiveCfg = Release|Any CPU
		{D2050153-1549-4130-8B8A-7BB12987A0D0}.Release|Any CPU.Build.0 = Release|Any CPU
		{D2050153-1549-4130-8B8A-7BB12987A0D0}.Release|x64.ActiveCfg = Release|Any CPU
		{D2050153-1549-4130-8B8A-7BB12987A0D0}.Release|x64.Build.0 = Release|Any CPU
		{D2050153-1549-4130-8B8A-7BB12987A0D0}.Release|x86.ActiveCfg = Release|Any CPU
		{D2050153-1549-4130-8B8A-7BB12987A0D0}.Release|x86.Build.0 = Release|Any CPU
		{C2CB2953-8ACF-43D5-B114-737E7193A0D2}.Debug|Any CPU.ActiveCfg = Debug|Any CPU
		{C2CB2953-8ACF-43D5-B114-737E7193A0D2}.Debug|Any CPU.Build.0 = Debug|Any CPU
		{C2CB2953-8ACF-43D5-B114-737E7193A0D2}.Debug|x64.ActiveCfg = Debug|Any CPU
		{C2CB2953-8ACF-43D5-B114-737E7193A0D2}.Debug|x64.Build.0 = Debug|Any CPU
		{C2CB2953-8ACF-43D5-B114-737E7193A0D2}.Debug|x86.ActiveCfg = Debug|Any CPU
		{C2CB2953-8ACF-43D5-B114-737E7193A0D2}.Debug|x86.Build.0 = Debug|Any CPU
		{C2CB2953-8ACF-43D5-B114-737E7193A0D2}.Release|Any CPU.ActiveCfg = Release|Any CPU
		{C2CB2953-8ACF-43D5-B114-737E7193A0D2}.Release|Any CPU.Build.0 = Release|Any CPU
		{C2CB2953-8ACF-43D5-B114-737E7193A0D2}.Release|x64.ActiveCfg = Release|Any CPU
		{C2CB2953-8ACF-43D5-B114-737E7193A0D2}.Release|x64.Build.0 = Release|Any CPU
		{C2CB2953-8ACF-43D5-B114-737E7193A0D2}.Release|x86.ActiveCfg = Release|Any CPU
		{C2CB2953-8ACF-43D5-B114-737E7193A0D2}.Release|x86.Build.0 = Release|Any CPU
		{57BCE20E-EB0B-40E2-8397-0F41FE06194C}.Debug|Any CPU.ActiveCfg = Debug|Any CPU
		{57BCE20E-EB0B-40E2-8397-0F41FE06194C}.Debug|Any CPU.Build.0 = Debug|Any CPU
		{57BCE20E-EB0B-40E2-8397-0F41FE06194C}.Debug|x64.ActiveCfg = Debug|Any CPU
		{57BCE20E-EB0B-40E2-8397-0F41FE06194C}.Debug|x64.Build.0 = Debug|Any CPU
		{57BCE20E-EB0B-40E2-8397-0F41FE06194C}.Debug|x86.ActiveCfg = Debug|Any CPU
		{57BCE20E-EB0B-40E2-8397-0F41FE06194C}.Debug|x86.Build.0 = Debug|Any CPU
		{57BCE20E-EB0B-40E2-8397-0F41FE06194C}.Release|Any CPU.ActiveCfg = Release|Any CPU
		{57BCE20E-EB0B-40E2-8397-0F41FE06194C}.Release|Any CPU.Build.0 = Release|Any CPU
		{57BCE20E-EB0B-40E2-8397-0F41FE06194C}.Release|x64.ActiveCfg = Release|Any CPU
		{57BCE20E-EB0B-40E2-8397-0F41FE06194C}.Release|x64.Build.0 = Release|Any CPU
		{57BCE20E-EB0B-40E2-8397-0F41FE06194C}.Release|x86.ActiveCfg = Release|Any CPU
		{57BCE20E-EB0B-40E2-8397-0F41FE06194C}.Release|x86.Build.0 = Release|Any CPU
		{7A1DF391-DC77-4347-BA7A-A89265945D8E}.Debug|Any CPU.ActiveCfg = Debug|Any CPU
		{7A1DF391-DC77-4347-BA7A-A89265945D8E}.Debug|Any CPU.Build.0 = Debug|Any CPU
		{7A1DF391-DC77-4347-BA7A-A89265945D8E}.Debug|x64.ActiveCfg = Debug|Any CPU
		{7A1DF391-DC77-4347-BA7A-A89265945D8E}.Debug|x64.Build.0 = Debug|Any CPU
		{7A1DF391-DC77-4347-BA7A-A89265945D8E}.Debug|x86.ActiveCfg = Debug|Any CPU
		{7A1DF391-DC77-4347-BA7A-A89265945D8E}.Debug|x86.Build.0 = Debug|Any CPU
		{7A1DF391-DC77-4347-BA7A-A89265945D8E}.Release|Any CPU.ActiveCfg = Release|Any CPU
		{7A1DF391-DC77-4347-BA7A-A89265945D8E}.Release|Any CPU.Build.0 = Release|Any CPU
		{7A1DF391-DC77-4347-BA7A-A89265945D8E}.Release|x64.ActiveCfg = Release|Any CPU
		{7A1DF391-DC77-4347-BA7A-A89265945D8E}.Release|x64.Build.0 = Release|Any CPU
		{7A1DF391-DC77-4347-BA7A-A89265945D8E}.Release|x86.ActiveCfg = Release|Any CPU
		{7A1DF391-DC77-4347-BA7A-A89265945D8E}.Release|x86.Build.0 = Release|Any CPU
		{CBA77182-671B-4E5F-BFCE-6EE6D3025EAF}.Debug|Any CPU.ActiveCfg = Debug|Any CPU
		{CBA77182-671B-4E5F-BFCE-6EE6D3025EAF}.Debug|Any CPU.Build.0 = Debug|Any CPU
		{CBA77182-671B-4E5F-BFCE-6EE6D3025EAF}.Debug|x64.ActiveCfg = Debug|Any CPU
		{CBA77182-671B-4E5F-BFCE-6EE6D3025EAF}.Debug|x64.Build.0 = Debug|Any CPU
		{CBA77182-671B-4E5F-BFCE-6EE6D3025EAF}.Debug|x86.ActiveCfg = Debug|Any CPU
		{CBA77182-671B-4E5F-BFCE-6EE6D3025EAF}.Debug|x86.Build.0 = Debug|Any CPU
		{CBA77182-671B-4E5F-BFCE-6EE6D3025EAF}.Release|Any CPU.ActiveCfg = Release|Any CPU
		{CBA77182-671B-4E5F-BFCE-6EE6D3025EAF}.Release|Any CPU.Build.0 = Release|Any CPU
		{CBA77182-671B-4E5F-BFCE-6EE6D3025EAF}.Release|x64.ActiveCfg = Release|Any CPU
		{CBA77182-671B-4E5F-BFCE-6EE6D3025EAF}.Release|x64.Build.0 = Release|Any CPU
		{CBA77182-671B-4E5F-BFCE-6EE6D3025EAF}.Release|x86.ActiveCfg = Release|Any CPU
		{CBA77182-671B-4E5F-BFCE-6EE6D3025EAF}.Release|x86.Build.0 = Release|Any CPU
		{BF22D014-F42D-421B-9F37-951DC08FD730}.Debug|Any CPU.ActiveCfg = Debug|Any CPU
		{BF22D014-F42D-421B-9F37-951DC08FD730}.Debug|Any CPU.Build.0 = Debug|Any CPU
		{BF22D014-F42D-421B-9F37-951DC08FD730}.Debug|x64.ActiveCfg = Debug|Any CPU
		{BF22D014-F42D-421B-9F37-951DC08FD730}.Debug|x64.Build.0 = Debug|Any CPU
		{BF22D014-F42D-421B-9F37-951DC08FD730}.Debug|x86.ActiveCfg = Debug|Any CPU
		{BF22D014-F42D-421B-9F37-951DC08FD730}.Debug|x86.Build.0 = Debug|Any CPU
		{BF22D014-F42D-421B-9F37-951DC08FD730}.Release|Any CPU.ActiveCfg = Release|Any CPU
		{BF22D014-F42D-421B-9F37-951DC08FD730}.Release|Any CPU.Build.0 = Release|Any CPU
		{BF22D014-F42D-421B-9F37-951DC08FD730}.Release|x64.ActiveCfg = Release|Any CPU
		{BF22D014-F42D-421B-9F37-951DC08FD730}.Release|x64.Build.0 = Release|Any CPU
		{BF22D014-F42D-421B-9F37-951DC08FD730}.Release|x86.ActiveCfg = Release|Any CPU
		{BF22D014-F42D-421B-9F37-951DC08FD730}.Release|x86.Build.0 = Release|Any CPU
		{CE4E054C-94C1-4A74-8E8F-44C00F1F867A}.Debug|Any CPU.ActiveCfg = Debug|Any CPU
		{CE4E054C-94C1-4A74-8E8F-44C00F1F867A}.Debug|Any CPU.Build.0 = Debug|Any CPU
		{CE4E054C-94C1-4A74-8E8F-44C00F1F867A}.Debug|x64.ActiveCfg = Debug|Any CPU
		{CE4E054C-94C1-4A74-8E8F-44C00F1F867A}.Debug|x64.Build.0 = Debug|Any CPU
		{CE4E054C-94C1-4A74-8E8F-44C00F1F867A}.Debug|x86.ActiveCfg = Debug|Any CPU
		{CE4E054C-94C1-4A74-8E8F-44C00F1F867A}.Debug|x86.Build.0 = Debug|Any CPU
		{CE4E054C-94C1-4A74-8E8F-44C00F1F867A}.Release|Any CPU.ActiveCfg = Release|Any CPU
		{CE4E054C-94C1-4A74-8E8F-44C00F1F867A}.Release|Any CPU.Build.0 = Release|Any CPU
		{CE4E054C-94C1-4A74-8E8F-44C00F1F867A}.Release|x64.ActiveCfg = Release|Any CPU
		{CE4E054C-94C1-4A74-8E8F-44C00F1F867A}.Release|x64.Build.0 = Release|Any CPU
		{CE4E054C-94C1-4A74-8E8F-44C00F1F867A}.Release|x86.ActiveCfg = Release|Any CPU
		{CE4E054C-94C1-4A74-8E8F-44C00F1F867A}.Release|x86.Build.0 = Release|Any CPU
		{F3B21CA9-E6EC-4704-B74A-6ACD12F5F7D0}.Debug|Any CPU.ActiveCfg = Debug|Any CPU
		{F3B21CA9-E6EC-4704-B74A-6ACD12F5F7D0}.Debug|Any CPU.Build.0 = Debug|Any CPU
		{F3B21CA9-E6EC-4704-B74A-6ACD12F5F7D0}.Debug|x64.ActiveCfg = Debug|Any CPU
		{F3B21CA9-E6EC-4704-B74A-6ACD12F5F7D0}.Debug|x64.Build.0 = Debug|Any CPU
		{F3B21CA9-E6EC-4704-B74A-6ACD12F5F7D0}.Debug|x86.ActiveCfg = Debug|Any CPU
		{F3B21CA9-E6EC-4704-B74A-6ACD12F5F7D0}.Debug|x86.Build.0 = Debug|Any CPU
		{F3B21CA9-E6EC-4704-B74A-6ACD12F5F7D0}.Release|Any CPU.ActiveCfg = Release|Any CPU
		{F3B21CA9-E6EC-4704-B74A-6ACD12F5F7D0}.Release|Any CPU.Build.0 = Release|Any CPU
		{F3B21CA9-E6EC-4704-B74A-6ACD12F5F7D0}.Release|x64.ActiveCfg = Release|Any CPU
		{F3B21CA9-E6EC-4704-B74A-6ACD12F5F7D0}.Release|x64.Build.0 = Release|Any CPU
		{F3B21CA9-E6EC-4704-B74A-6ACD12F5F7D0}.Release|x86.ActiveCfg = Release|Any CPU
		{F3B21CA9-E6EC-4704-B74A-6ACD12F5F7D0}.Release|x86.Build.0 = Release|Any CPU
		{361E444F-980F-4B59-B503-6DDAB99C6BBB}.Debug|Any CPU.ActiveCfg = Debug|Any CPU
		{361E444F-980F-4B59-B503-6DDAB99C6BBB}.Debug|Any CPU.Build.0 = Debug|Any CPU
		{361E444F-980F-4B59-B503-6DDAB99C6BBB}.Debug|x64.ActiveCfg = Debug|Any CPU
		{361E444F-980F-4B59-B503-6DDAB99C6BBB}.Debug|x64.Build.0 = Debug|Any CPU
		{361E444F-980F-4B59-B503-6DDAB99C6BBB}.Debug|x86.ActiveCfg = Debug|Any CPU
		{361E444F-980F-4B59-B503-6DDAB99C6BBB}.Debug|x86.Build.0 = Debug|Any CPU
		{361E444F-980F-4B59-B503-6DDAB99C6BBB}.Release|Any CPU.ActiveCfg = Release|Any CPU
		{361E444F-980F-4B59-B503-6DDAB99C6BBB}.Release|Any CPU.Build.0 = Release|Any CPU
		{361E444F-980F-4B59-B503-6DDAB99C6BBB}.Release|x64.ActiveCfg = Release|Any CPU
		{361E444F-980F-4B59-B503-6DDAB99C6BBB}.Release|x64.Build.0 = Release|Any CPU
		{361E444F-980F-4B59-B503-6DDAB99C6BBB}.Release|x86.ActiveCfg = Release|Any CPU
		{361E444F-980F-4B59-B503-6DDAB99C6BBB}.Release|x86.Build.0 = Release|Any CPU
		{0596BDFA-E031-4C83-B423-12430FAED35B}.Debug|Any CPU.ActiveCfg = Debug|Any CPU
		{0596BDFA-E031-4C83-B423-12430FAED35B}.Debug|Any CPU.Build.0 = Debug|Any CPU
		{0596BDFA-E031-4C83-B423-12430FAED35B}.Debug|x64.ActiveCfg = Debug|Any CPU
		{0596BDFA-E031-4C83-B423-12430FAED35B}.Debug|x64.Build.0 = Debug|Any CPU
		{0596BDFA-E031-4C83-B423-12430FAED35B}.Debug|x86.ActiveCfg = Debug|Any CPU
		{0596BDFA-E031-4C83-B423-12430FAED35B}.Debug|x86.Build.0 = Debug|Any CPU
		{0596BDFA-E031-4C83-B423-12430FAED35B}.Release|Any CPU.ActiveCfg = Release|Any CPU
		{0596BDFA-E031-4C83-B423-12430FAED35B}.Release|Any CPU.Build.0 = Release|Any CPU
		{0596BDFA-E031-4C83-B423-12430FAED35B}.Release|x64.ActiveCfg = Release|Any CPU
		{0596BDFA-E031-4C83-B423-12430FAED35B}.Release|x64.Build.0 = Release|Any CPU
		{0596BDFA-E031-4C83-B423-12430FAED35B}.Release|x86.ActiveCfg = Release|Any CPU
		{0596BDFA-E031-4C83-B423-12430FAED35B}.Release|x86.Build.0 = Release|Any CPU
		{19395002-B630-49A0-A69E-13F07F4C5CDC}.Debug|Any CPU.ActiveCfg = Debug|Any CPU
		{19395002-B630-49A0-A69E-13F07F4C5CDC}.Debug|Any CPU.Build.0 = Debug|Any CPU
		{19395002-B630-49A0-A69E-13F07F4C5CDC}.Debug|x64.ActiveCfg = Debug|Any CPU
		{19395002-B630-49A0-A69E-13F07F4C5CDC}.Debug|x64.Build.0 = Debug|Any CPU
		{19395002-B630-49A0-A69E-13F07F4C5CDC}.Debug|x86.ActiveCfg = Debug|Any CPU
		{19395002-B630-49A0-A69E-13F07F4C5CDC}.Debug|x86.Build.0 = Debug|Any CPU
		{19395002-B630-49A0-A69E-13F07F4C5CDC}.Release|Any CPU.ActiveCfg = Release|Any CPU
		{19395002-B630-49A0-A69E-13F07F4C5CDC}.Release|Any CPU.Build.0 = Release|Any CPU
		{19395002-B630-49A0-A69E-13F07F4C5CDC}.Release|x64.ActiveCfg = Release|Any CPU
		{19395002-B630-49A0-A69E-13F07F4C5CDC}.Release|x64.Build.0 = Release|Any CPU
		{19395002-B630-49A0-A69E-13F07F4C5CDC}.Release|x86.ActiveCfg = Release|Any CPU
		{19395002-B630-49A0-A69E-13F07F4C5CDC}.Release|x86.Build.0 = Release|Any CPU
		{D0BF1BEB-16E0-49CE-859E-5DECBCC5EEA7}.Debug|Any CPU.ActiveCfg = Debug|Any CPU
		{D0BF1BEB-16E0-49CE-859E-5DECBCC5EEA7}.Debug|Any CPU.Build.0 = Debug|Any CPU
		{D0BF1BEB-16E0-49CE-859E-5DECBCC5EEA7}.Debug|x64.ActiveCfg = Debug|Any CPU
		{D0BF1BEB-16E0-49CE-859E-5DECBCC5EEA7}.Debug|x64.Build.0 = Debug|Any CPU
		{D0BF1BEB-16E0-49CE-859E-5DECBCC5EEA7}.Debug|x86.ActiveCfg = Debug|Any CPU
		{D0BF1BEB-16E0-49CE-859E-5DECBCC5EEA7}.Debug|x86.Build.0 = Debug|Any CPU
		{D0BF1BEB-16E0-49CE-859E-5DECBCC5EEA7}.Release|Any CPU.ActiveCfg = Release|Any CPU
		{D0BF1BEB-16E0-49CE-859E-5DECBCC5EEA7}.Release|Any CPU.Build.0 = Release|Any CPU
		{D0BF1BEB-16E0-49CE-859E-5DECBCC5EEA7}.Release|x64.ActiveCfg = Release|Any CPU
		{D0BF1BEB-16E0-49CE-859E-5DECBCC5EEA7}.Release|x64.Build.0 = Release|Any CPU
		{D0BF1BEB-16E0-49CE-859E-5DECBCC5EEA7}.Release|x86.ActiveCfg = Release|Any CPU
		{D0BF1BEB-16E0-49CE-859E-5DECBCC5EEA7}.Release|x86.Build.0 = Release|Any CPU
		{E9B25833-8587-4557-BA74-5C4E98C66B44}.Debug|Any CPU.ActiveCfg = Debug|Any CPU
		{E9B25833-8587-4557-BA74-5C4E98C66B44}.Debug|Any CPU.Build.0 = Debug|Any CPU
		{E9B25833-8587-4557-BA74-5C4E98C66B44}.Debug|x64.ActiveCfg = Debug|Any CPU
		{E9B25833-8587-4557-BA74-5C4E98C66B44}.Debug|x64.Build.0 = Debug|Any CPU
		{E9B25833-8587-4557-BA74-5C4E98C66B44}.Debug|x86.ActiveCfg = Debug|Any CPU
		{E9B25833-8587-4557-BA74-5C4E98C66B44}.Debug|x86.Build.0 = Debug|Any CPU
		{E9B25833-8587-4557-BA74-5C4E98C66B44}.Release|Any CPU.ActiveCfg = Release|Any CPU
		{E9B25833-8587-4557-BA74-5C4E98C66B44}.Release|Any CPU.Build.0 = Release|Any CPU
		{E9B25833-8587-4557-BA74-5C4E98C66B44}.Release|x64.ActiveCfg = Release|Any CPU
		{E9B25833-8587-4557-BA74-5C4E98C66B44}.Release|x64.Build.0 = Release|Any CPU
		{E9B25833-8587-4557-BA74-5C4E98C66B44}.Release|x86.ActiveCfg = Release|Any CPU
		{E9B25833-8587-4557-BA74-5C4E98C66B44}.Release|x86.Build.0 = Release|Any CPU
		{3B460ED5-356B-4CEB-8E43-740ADF0EE530}.Debug|Any CPU.ActiveCfg = Debug|Any CPU
		{3B460ED5-356B-4CEB-8E43-740ADF0EE530}.Debug|Any CPU.Build.0 = Debug|Any CPU
		{3B460ED5-356B-4CEB-8E43-740ADF0EE530}.Debug|x64.ActiveCfg = Debug|Any CPU
		{3B460ED5-356B-4CEB-8E43-740ADF0EE530}.Debug|x64.Build.0 = Debug|Any CPU
		{3B460ED5-356B-4CEB-8E43-740ADF0EE530}.Debug|x86.ActiveCfg = Debug|Any CPU
		{3B460ED5-356B-4CEB-8E43-740ADF0EE530}.Debug|x86.Build.0 = Debug|Any CPU
		{3B460ED5-356B-4CEB-8E43-740ADF0EE530}.Release|Any CPU.ActiveCfg = Release|Any CPU
		{3B460ED5-356B-4CEB-8E43-740ADF0EE530}.Release|Any CPU.Build.0 = Release|Any CPU
		{3B460ED5-356B-4CEB-8E43-740ADF0EE530}.Release|x64.ActiveCfg = Release|Any CPU
		{3B460ED5-356B-4CEB-8E43-740ADF0EE530}.Release|x64.Build.0 = Release|Any CPU
		{3B460ED5-356B-4CEB-8E43-740ADF0EE530}.Release|x86.ActiveCfg = Release|Any CPU
		{3B460ED5-356B-4CEB-8E43-740ADF0EE530}.Release|x86.Build.0 = Release|Any CPU
		{4C34D94E-8E89-4613-8DCD-0A3993069E1A}.Debug|Any CPU.ActiveCfg = Debug|Any CPU
		{4C34D94E-8E89-4613-8DCD-0A3993069E1A}.Debug|Any CPU.Build.0 = Debug|Any CPU
		{4C34D94E-8E89-4613-8DCD-0A3993069E1A}.Debug|x64.ActiveCfg = Debug|Any CPU
		{4C34D94E-8E89-4613-8DCD-0A3993069E1A}.Debug|x64.Build.0 = Debug|Any CPU
		{4C34D94E-8E89-4613-8DCD-0A3993069E1A}.Debug|x86.ActiveCfg = Debug|Any CPU
		{4C34D94E-8E89-4613-8DCD-0A3993069E1A}.Debug|x86.Build.0 = Debug|Any CPU
		{4C34D94E-8E89-4613-8DCD-0A3993069E1A}.Release|Any CPU.ActiveCfg = Release|Any CPU
		{4C34D94E-8E89-4613-8DCD-0A3993069E1A}.Release|Any CPU.Build.0 = Release|Any CPU
		{4C34D94E-8E89-4613-8DCD-0A3993069E1A}.Release|x64.ActiveCfg = Release|Any CPU
		{4C34D94E-8E89-4613-8DCD-0A3993069E1A}.Release|x64.Build.0 = Release|Any CPU
		{4C34D94E-8E89-4613-8DCD-0A3993069E1A}.Release|x86.ActiveCfg = Release|Any CPU
		{4C34D94E-8E89-4613-8DCD-0A3993069E1A}.Release|x86.Build.0 = Release|Any CPU
		{23E5AA52-7799-4101-8A46-A51C22133A7C}.Debug|Any CPU.ActiveCfg = Debug|Any CPU
		{23E5AA52-7799-4101-8A46-A51C22133A7C}.Debug|Any CPU.Build.0 = Debug|Any CPU
		{23E5AA52-7799-4101-8A46-A51C22133A7C}.Debug|x64.ActiveCfg = Debug|Any CPU
		{23E5AA52-7799-4101-8A46-A51C22133A7C}.Debug|x64.Build.0 = Debug|Any CPU
		{23E5AA52-7799-4101-8A46-A51C22133A7C}.Debug|x86.ActiveCfg = Debug|Any CPU
		{23E5AA52-7799-4101-8A46-A51C22133A7C}.Debug|x86.Build.0 = Debug|Any CPU
		{23E5AA52-7799-4101-8A46-A51C22133A7C}.Release|Any CPU.ActiveCfg = Release|Any CPU
		{23E5AA52-7799-4101-8A46-A51C22133A7C}.Release|Any CPU.Build.0 = Release|Any CPU
		{23E5AA52-7799-4101-8A46-A51C22133A7C}.Release|x64.ActiveCfg = Release|Any CPU
		{23E5AA52-7799-4101-8A46-A51C22133A7C}.Release|x64.Build.0 = Release|Any CPU
		{23E5AA52-7799-4101-8A46-A51C22133A7C}.Release|x86.ActiveCfg = Release|Any CPU
		{23E5AA52-7799-4101-8A46-A51C22133A7C}.Release|x86.Build.0 = Release|Any CPU
		{8745D6DB-8D94-4C23-B517-DAD14AEB5425}.Debug|Any CPU.ActiveCfg = Debug|Any CPU
		{8745D6DB-8D94-4C23-B517-DAD14AEB5425}.Debug|Any CPU.Build.0 = Debug|Any CPU
		{8745D6DB-8D94-4C23-B517-DAD14AEB5425}.Debug|x64.ActiveCfg = Debug|Any CPU
		{8745D6DB-8D94-4C23-B517-DAD14AEB5425}.Debug|x64.Build.0 = Debug|Any CPU
		{8745D6DB-8D94-4C23-B517-DAD14AEB5425}.Debug|x86.ActiveCfg = Debug|Any CPU
		{8745D6DB-8D94-4C23-B517-DAD14AEB5425}.Debug|x86.Build.0 = Debug|Any CPU
		{8745D6DB-8D94-4C23-B517-DAD14AEB5425}.Release|Any CPU.ActiveCfg = Release|Any CPU
		{8745D6DB-8D94-4C23-B517-DAD14AEB5425}.Release|Any CPU.Build.0 = Release|Any CPU
		{8745D6DB-8D94-4C23-B517-DAD14AEB5425}.Release|x64.ActiveCfg = Release|Any CPU
		{8745D6DB-8D94-4C23-B517-DAD14AEB5425}.Release|x64.Build.0 = Release|Any CPU
		{8745D6DB-8D94-4C23-B517-DAD14AEB5425}.Release|x86.ActiveCfg = Release|Any CPU
		{8745D6DB-8D94-4C23-B517-DAD14AEB5425}.Release|x86.Build.0 = Release|Any CPU
		{F460D1D7-C1A5-4EE8-9059-4E35C69179E5}.Debug|Any CPU.ActiveCfg = Debug|Any CPU
		{F460D1D7-C1A5-4EE8-9059-4E35C69179E5}.Debug|Any CPU.Build.0 = Debug|Any CPU
		{F460D1D7-C1A5-4EE8-9059-4E35C69179E5}.Debug|x64.ActiveCfg = Debug|Any CPU
		{F460D1D7-C1A5-4EE8-9059-4E35C69179E5}.Debug|x64.Build.0 = Debug|Any CPU
		{F460D1D7-C1A5-4EE8-9059-4E35C69179E5}.Debug|x86.ActiveCfg = Debug|Any CPU
		{F460D1D7-C1A5-4EE8-9059-4E35C69179E5}.Debug|x86.Build.0 = Debug|Any CPU
		{F460D1D7-C1A5-4EE8-9059-4E35C69179E5}.Release|Any CPU.ActiveCfg = Release|Any CPU
		{F460D1D7-C1A5-4EE8-9059-4E35C69179E5}.Release|Any CPU.Build.0 = Release|Any CPU
		{F460D1D7-C1A5-4EE8-9059-4E35C69179E5}.Release|x64.ActiveCfg = Release|Any CPU
		{F460D1D7-C1A5-4EE8-9059-4E35C69179E5}.Release|x64.Build.0 = Release|Any CPU
		{F460D1D7-C1A5-4EE8-9059-4E35C69179E5}.Release|x86.ActiveCfg = Release|Any CPU
		{F460D1D7-C1A5-4EE8-9059-4E35C69179E5}.Release|x86.Build.0 = Release|Any CPU
		{4B37235E-779C-4F31-8923-CE25B329C7D3}.Debug|Any CPU.ActiveCfg = Debug|Any CPU
		{4B37235E-779C-4F31-8923-CE25B329C7D3}.Debug|Any CPU.Build.0 = Debug|Any CPU
		{4B37235E-779C-4F31-8923-CE25B329C7D3}.Debug|x64.ActiveCfg = Debug|Any CPU
		{4B37235E-779C-4F31-8923-CE25B329C7D3}.Debug|x64.Build.0 = Debug|Any CPU
		{4B37235E-779C-4F31-8923-CE25B329C7D3}.Debug|x86.ActiveCfg = Debug|Any CPU
		{4B37235E-779C-4F31-8923-CE25B329C7D3}.Debug|x86.Build.0 = Debug|Any CPU
		{4B37235E-779C-4F31-8923-CE25B329C7D3}.Release|Any CPU.ActiveCfg = Release|Any CPU
		{4B37235E-779C-4F31-8923-CE25B329C7D3}.Release|Any CPU.Build.0 = Release|Any CPU
		{4B37235E-779C-4F31-8923-CE25B329C7D3}.Release|x64.ActiveCfg = Release|Any CPU
		{4B37235E-779C-4F31-8923-CE25B329C7D3}.Release|x64.Build.0 = Release|Any CPU
		{4B37235E-779C-4F31-8923-CE25B329C7D3}.Release|x86.ActiveCfg = Release|Any CPU
		{4B37235E-779C-4F31-8923-CE25B329C7D3}.Release|x86.Build.0 = Release|Any CPU
		{2B48208D-2843-453A-8CE9-196536AADA68}.Debug|Any CPU.ActiveCfg = Debug|Any CPU
		{2B48208D-2843-453A-8CE9-196536AADA68}.Debug|Any CPU.Build.0 = Debug|Any CPU
		{2B48208D-2843-453A-8CE9-196536AADA68}.Debug|x64.ActiveCfg = Debug|Any CPU
		{2B48208D-2843-453A-8CE9-196536AADA68}.Debug|x64.Build.0 = Debug|Any CPU
		{2B48208D-2843-453A-8CE9-196536AADA68}.Debug|x86.ActiveCfg = Debug|Any CPU
		{2B48208D-2843-453A-8CE9-196536AADA68}.Debug|x86.Build.0 = Debug|Any CPU
		{2B48208D-2843-453A-8CE9-196536AADA68}.Release|Any CPU.ActiveCfg = Release|Any CPU
		{2B48208D-2843-453A-8CE9-196536AADA68}.Release|Any CPU.Build.0 = Release|Any CPU
		{2B48208D-2843-453A-8CE9-196536AADA68}.Release|x64.ActiveCfg = Release|Any CPU
		{2B48208D-2843-453A-8CE9-196536AADA68}.Release|x64.Build.0 = Release|Any CPU
		{2B48208D-2843-453A-8CE9-196536AADA68}.Release|x86.ActiveCfg = Release|Any CPU
		{2B48208D-2843-453A-8CE9-196536AADA68}.Release|x86.Build.0 = Release|Any CPU
		{7109BE38-1331-490E-B844-8C2415A479CE}.Debug|Any CPU.ActiveCfg = Debug|Any CPU
		{7109BE38-1331-490E-B844-8C2415A479CE}.Debug|Any CPU.Build.0 = Debug|Any CPU
		{7109BE38-1331-490E-B844-8C2415A479CE}.Debug|x64.ActiveCfg = Debug|Any CPU
		{7109BE38-1331-490E-B844-8C2415A479CE}.Debug|x64.Build.0 = Debug|Any CPU
		{7109BE38-1331-490E-B844-8C2415A479CE}.Debug|x86.ActiveCfg = Debug|Any CPU
		{7109BE38-1331-490E-B844-8C2415A479CE}.Debug|x86.Build.0 = Debug|Any CPU
		{7109BE38-1331-490E-B844-8C2415A479CE}.Release|Any CPU.ActiveCfg = Release|Any CPU
		{7109BE38-1331-490E-B844-8C2415A479CE}.Release|Any CPU.Build.0 = Release|Any CPU
		{7109BE38-1331-490E-B844-8C2415A479CE}.Release|x64.ActiveCfg = Release|Any CPU
		{7109BE38-1331-490E-B844-8C2415A479CE}.Release|x64.Build.0 = Release|Any CPU
		{7109BE38-1331-490E-B844-8C2415A479CE}.Release|x86.ActiveCfg = Release|Any CPU
		{7109BE38-1331-490E-B844-8C2415A479CE}.Release|x86.Build.0 = Release|Any CPU
		{8E02FE72-EBF2-4752-913C-BD9AA0CF37A4}.Debug|Any CPU.ActiveCfg = Debug|Any CPU
		{8E02FE72-EBF2-4752-913C-BD9AA0CF37A4}.Debug|Any CPU.Build.0 = Debug|Any CPU
		{8E02FE72-EBF2-4752-913C-BD9AA0CF37A4}.Debug|x64.ActiveCfg = Debug|Any CPU
		{8E02FE72-EBF2-4752-913C-BD9AA0CF37A4}.Debug|x64.Build.0 = Debug|Any CPU
		{8E02FE72-EBF2-4752-913C-BD9AA0CF37A4}.Debug|x86.ActiveCfg = Debug|Any CPU
		{8E02FE72-EBF2-4752-913C-BD9AA0CF37A4}.Debug|x86.Build.0 = Debug|Any CPU
		{8E02FE72-EBF2-4752-913C-BD9AA0CF37A4}.Release|Any CPU.ActiveCfg = Release|Any CPU
		{8E02FE72-EBF2-4752-913C-BD9AA0CF37A4}.Release|Any CPU.Build.0 = Release|Any CPU
		{8E02FE72-EBF2-4752-913C-BD9AA0CF37A4}.Release|x64.ActiveCfg = Release|Any CPU
		{8E02FE72-EBF2-4752-913C-BD9AA0CF37A4}.Release|x64.Build.0 = Release|Any CPU
		{8E02FE72-EBF2-4752-913C-BD9AA0CF37A4}.Release|x86.ActiveCfg = Release|Any CPU
		{8E02FE72-EBF2-4752-913C-BD9AA0CF37A4}.Release|x86.Build.0 = Release|Any CPU
		{983E77D9-B8F2-4D9A-B9EC-72CF604B060E}.Debug|Any CPU.ActiveCfg = Debug|Any CPU
		{983E77D9-B8F2-4D9A-B9EC-72CF604B060E}.Debug|Any CPU.Build.0 = Debug|Any CPU
		{983E77D9-B8F2-4D9A-B9EC-72CF604B060E}.Debug|x64.ActiveCfg = Debug|Any CPU
		{983E77D9-B8F2-4D9A-B9EC-72CF604B060E}.Debug|x64.Build.0 = Debug|Any CPU
		{983E77D9-B8F2-4D9A-B9EC-72CF604B060E}.Debug|x86.ActiveCfg = Debug|Any CPU
		{983E77D9-B8F2-4D9A-B9EC-72CF604B060E}.Debug|x86.Build.0 = Debug|Any CPU
		{983E77D9-B8F2-4D9A-B9EC-72CF604B060E}.Release|Any CPU.ActiveCfg = Release|Any CPU
		{983E77D9-B8F2-4D9A-B9EC-72CF604B060E}.Release|Any CPU.Build.0 = Release|Any CPU
		{983E77D9-B8F2-4D9A-B9EC-72CF604B060E}.Release|x64.ActiveCfg = Release|Any CPU
		{983E77D9-B8F2-4D9A-B9EC-72CF604B060E}.Release|x64.Build.0 = Release|Any CPU
		{983E77D9-B8F2-4D9A-B9EC-72CF604B060E}.Release|x86.ActiveCfg = Release|Any CPU
		{983E77D9-B8F2-4D9A-B9EC-72CF604B060E}.Release|x86.Build.0 = Release|Any CPU
		{E9AF2D17-2DE0-406A-B166-80030D9E41A1}.Debug|Any CPU.ActiveCfg = Debug|Any CPU
		{E9AF2D17-2DE0-406A-B166-80030D9E41A1}.Debug|Any CPU.Build.0 = Debug|Any CPU
		{E9AF2D17-2DE0-406A-B166-80030D9E41A1}.Debug|x64.ActiveCfg = Debug|Any CPU
		{E9AF2D17-2DE0-406A-B166-80030D9E41A1}.Debug|x64.Build.0 = Debug|Any CPU
		{E9AF2D17-2DE0-406A-B166-80030D9E41A1}.Debug|x86.ActiveCfg = Debug|Any CPU
		{E9AF2D17-2DE0-406A-B166-80030D9E41A1}.Debug|x86.Build.0 = Debug|Any CPU
		{E9AF2D17-2DE0-406A-B166-80030D9E41A1}.Release|Any CPU.ActiveCfg = Release|Any CPU
		{E9AF2D17-2DE0-406A-B166-80030D9E41A1}.Release|Any CPU.Build.0 = Release|Any CPU
		{E9AF2D17-2DE0-406A-B166-80030D9E41A1}.Release|x64.ActiveCfg = Release|Any CPU
		{E9AF2D17-2DE0-406A-B166-80030D9E41A1}.Release|x64.Build.0 = Release|Any CPU
		{E9AF2D17-2DE0-406A-B166-80030D9E41A1}.Release|x86.ActiveCfg = Release|Any CPU
		{E9AF2D17-2DE0-406A-B166-80030D9E41A1}.Release|x86.Build.0 = Release|Any CPU
		{E6244468-9A5F-4F45-9030-4D7349DB0C0B}.Debug|Any CPU.ActiveCfg = Debug|Any CPU
		{E6244468-9A5F-4F45-9030-4D7349DB0C0B}.Debug|Any CPU.Build.0 = Debug|Any CPU
		{E6244468-9A5F-4F45-9030-4D7349DB0C0B}.Debug|x64.ActiveCfg = Debug|Any CPU
		{E6244468-9A5F-4F45-9030-4D7349DB0C0B}.Debug|x64.Build.0 = Debug|Any CPU
		{E6244468-9A5F-4F45-9030-4D7349DB0C0B}.Debug|x86.ActiveCfg = Debug|Any CPU
		{E6244468-9A5F-4F45-9030-4D7349DB0C0B}.Debug|x86.Build.0 = Debug|Any CPU
		{E6244468-9A5F-4F45-9030-4D7349DB0C0B}.Release|Any CPU.ActiveCfg = Release|Any CPU
		{E6244468-9A5F-4F45-9030-4D7349DB0C0B}.Release|Any CPU.Build.0 = Release|Any CPU
		{E6244468-9A5F-4F45-9030-4D7349DB0C0B}.Release|x64.ActiveCfg = Release|Any CPU
		{E6244468-9A5F-4F45-9030-4D7349DB0C0B}.Release|x64.Build.0 = Release|Any CPU
		{E6244468-9A5F-4F45-9030-4D7349DB0C0B}.Release|x86.ActiveCfg = Release|Any CPU
		{E6244468-9A5F-4F45-9030-4D7349DB0C0B}.Release|x86.Build.0 = Release|Any CPU
		{F88BD593-59F2-4A3C-8F54-1FADCC305890}.Debug|Any CPU.ActiveCfg = Debug|Any CPU
		{F88BD593-59F2-4A3C-8F54-1FADCC305890}.Debug|Any CPU.Build.0 = Debug|Any CPU
		{F88BD593-59F2-4A3C-8F54-1FADCC305890}.Debug|x64.ActiveCfg = Debug|Any CPU
		{F88BD593-59F2-4A3C-8F54-1FADCC305890}.Debug|x64.Build.0 = Debug|Any CPU
		{F88BD593-59F2-4A3C-8F54-1FADCC305890}.Debug|x86.ActiveCfg = Debug|Any CPU
		{F88BD593-59F2-4A3C-8F54-1FADCC305890}.Debug|x86.Build.0 = Debug|Any CPU
		{F88BD593-59F2-4A3C-8F54-1FADCC305890}.Release|Any CPU.ActiveCfg = Release|Any CPU
		{F88BD593-59F2-4A3C-8F54-1FADCC305890}.Release|Any CPU.Build.0 = Release|Any CPU
		{F88BD593-59F2-4A3C-8F54-1FADCC305890}.Release|x64.ActiveCfg = Release|Any CPU
		{F88BD593-59F2-4A3C-8F54-1FADCC305890}.Release|x64.Build.0 = Release|Any CPU
		{F88BD593-59F2-4A3C-8F54-1FADCC305890}.Release|x86.ActiveCfg = Release|Any CPU
		{F88BD593-59F2-4A3C-8F54-1FADCC305890}.Release|x86.Build.0 = Release|Any CPU
		{93133334-6E7F-4BBA-8A00-C20C33F9F552}.Debug|Any CPU.ActiveCfg = Debug|Any CPU
		{93133334-6E7F-4BBA-8A00-C20C33F9F552}.Debug|Any CPU.Build.0 = Debug|Any CPU
		{93133334-6E7F-4BBA-8A00-C20C33F9F552}.Debug|x64.ActiveCfg = Debug|Any CPU
		{93133334-6E7F-4BBA-8A00-C20C33F9F552}.Debug|x64.Build.0 = Debug|Any CPU
		{93133334-6E7F-4BBA-8A00-C20C33F9F552}.Debug|x86.ActiveCfg = Debug|Any CPU
		{93133334-6E7F-4BBA-8A00-C20C33F9F552}.Debug|x86.Build.0 = Debug|Any CPU
		{93133334-6E7F-4BBA-8A00-C20C33F9F552}.Release|Any CPU.ActiveCfg = Release|Any CPU
		{93133334-6E7F-4BBA-8A00-C20C33F9F552}.Release|Any CPU.Build.0 = Release|Any CPU
		{93133334-6E7F-4BBA-8A00-C20C33F9F552}.Release|x64.ActiveCfg = Release|Any CPU
		{93133334-6E7F-4BBA-8A00-C20C33F9F552}.Release|x64.Build.0 = Release|Any CPU
		{93133334-6E7F-4BBA-8A00-C20C33F9F552}.Release|x86.ActiveCfg = Release|Any CPU
		{93133334-6E7F-4BBA-8A00-C20C33F9F552}.Release|x86.Build.0 = Release|Any CPU
		{D6045EB5-7E18-4FE6-ACBF-089FD1676A27}.Debug|Any CPU.ActiveCfg = Debug|Any CPU
		{D6045EB5-7E18-4FE6-ACBF-089FD1676A27}.Debug|Any CPU.Build.0 = Debug|Any CPU
		{D6045EB5-7E18-4FE6-ACBF-089FD1676A27}.Debug|x64.ActiveCfg = Debug|Any CPU
		{D6045EB5-7E18-4FE6-ACBF-089FD1676A27}.Debug|x64.Build.0 = Debug|Any CPU
		{D6045EB5-7E18-4FE6-ACBF-089FD1676A27}.Debug|x86.ActiveCfg = Debug|Any CPU
		{D6045EB5-7E18-4FE6-ACBF-089FD1676A27}.Debug|x86.Build.0 = Debug|Any CPU
		{D6045EB5-7E18-4FE6-ACBF-089FD1676A27}.Release|Any CPU.ActiveCfg = Release|Any CPU
		{D6045EB5-7E18-4FE6-ACBF-089FD1676A27}.Release|Any CPU.Build.0 = Release|Any CPU
		{D6045EB5-7E18-4FE6-ACBF-089FD1676A27}.Release|x64.ActiveCfg = Release|Any CPU
		{D6045EB5-7E18-4FE6-ACBF-089FD1676A27}.Release|x64.Build.0 = Release|Any CPU
		{D6045EB5-7E18-4FE6-ACBF-089FD1676A27}.Release|x86.ActiveCfg = Release|Any CPU
		{D6045EB5-7E18-4FE6-ACBF-089FD1676A27}.Release|x86.Build.0 = Release|Any CPU
		{B2CBAF64-DA40-48EB-A884-32AC0F3411C4}.Debug|Any CPU.ActiveCfg = Debug|Any CPU
		{B2CBAF64-DA40-48EB-A884-32AC0F3411C4}.Debug|Any CPU.Build.0 = Debug|Any CPU
		{B2CBAF64-DA40-48EB-A884-32AC0F3411C4}.Debug|x64.ActiveCfg = Debug|Any CPU
		{B2CBAF64-DA40-48EB-A884-32AC0F3411C4}.Debug|x64.Build.0 = Debug|Any CPU
		{B2CBAF64-DA40-48EB-A884-32AC0F3411C4}.Debug|x86.ActiveCfg = Debug|Any CPU
		{B2CBAF64-DA40-48EB-A884-32AC0F3411C4}.Debug|x86.Build.0 = Debug|Any CPU
		{B2CBAF64-DA40-48EB-A884-32AC0F3411C4}.Release|Any CPU.ActiveCfg = Release|Any CPU
		{B2CBAF64-DA40-48EB-A884-32AC0F3411C4}.Release|Any CPU.Build.0 = Release|Any CPU
		{B2CBAF64-DA40-48EB-A884-32AC0F3411C4}.Release|x64.ActiveCfg = Release|Any CPU
		{B2CBAF64-DA40-48EB-A884-32AC0F3411C4}.Release|x64.Build.0 = Release|Any CPU
		{B2CBAF64-DA40-48EB-A884-32AC0F3411C4}.Release|x86.ActiveCfg = Release|Any CPU
		{B2CBAF64-DA40-48EB-A884-32AC0F3411C4}.Release|x86.Build.0 = Release|Any CPU
		{08F2F47A-8F39-4272-B0C6-34AB5B1C4A37}.Debug|Any CPU.ActiveCfg = Debug|Any CPU
		{08F2F47A-8F39-4272-B0C6-34AB5B1C4A37}.Debug|Any CPU.Build.0 = Debug|Any CPU
		{08F2F47A-8F39-4272-B0C6-34AB5B1C4A37}.Debug|x64.ActiveCfg = Debug|Any CPU
		{08F2F47A-8F39-4272-B0C6-34AB5B1C4A37}.Debug|x64.Build.0 = Debug|Any CPU
		{08F2F47A-8F39-4272-B0C6-34AB5B1C4A37}.Debug|x86.ActiveCfg = Debug|Any CPU
		{08F2F47A-8F39-4272-B0C6-34AB5B1C4A37}.Debug|x86.Build.0 = Debug|Any CPU
		{08F2F47A-8F39-4272-B0C6-34AB5B1C4A37}.Release|Any CPU.ActiveCfg = Release|Any CPU
		{08F2F47A-8F39-4272-B0C6-34AB5B1C4A37}.Release|Any CPU.Build.0 = Release|Any CPU
		{08F2F47A-8F39-4272-B0C6-34AB5B1C4A37}.Release|x64.ActiveCfg = Release|Any CPU
		{08F2F47A-8F39-4272-B0C6-34AB5B1C4A37}.Release|x64.Build.0 = Release|Any CPU
		{08F2F47A-8F39-4272-B0C6-34AB5B1C4A37}.Release|x86.ActiveCfg = Release|Any CPU
		{08F2F47A-8F39-4272-B0C6-34AB5B1C4A37}.Release|x86.Build.0 = Release|Any CPU
		{A9E5DD31-675A-4CC1-BA37-3DCE246DD81B}.Debug|Any CPU.ActiveCfg = Debug|Any CPU
		{A9E5DD31-675A-4CC1-BA37-3DCE246DD81B}.Debug|Any CPU.Build.0 = Debug|Any CPU
		{A9E5DD31-675A-4CC1-BA37-3DCE246DD81B}.Debug|x64.ActiveCfg = Debug|Any CPU
		{A9E5DD31-675A-4CC1-BA37-3DCE246DD81B}.Debug|x64.Build.0 = Debug|Any CPU
		{A9E5DD31-675A-4CC1-BA37-3DCE246DD81B}.Debug|x86.ActiveCfg = Debug|Any CPU
		{A9E5DD31-675A-4CC1-BA37-3DCE246DD81B}.Debug|x86.Build.0 = Debug|Any CPU
		{A9E5DD31-675A-4CC1-BA37-3DCE246DD81B}.Release|Any CPU.ActiveCfg = Release|Any CPU
		{A9E5DD31-675A-4CC1-BA37-3DCE246DD81B}.Release|Any CPU.Build.0 = Release|Any CPU
		{A9E5DD31-675A-4CC1-BA37-3DCE246DD81B}.Release|x64.ActiveCfg = Release|Any CPU
		{A9E5DD31-675A-4CC1-BA37-3DCE246DD81B}.Release|x64.Build.0 = Release|Any CPU
		{A9E5DD31-675A-4CC1-BA37-3DCE246DD81B}.Release|x86.ActiveCfg = Release|Any CPU
		{A9E5DD31-675A-4CC1-BA37-3DCE246DD81B}.Release|x86.Build.0 = Release|Any CPU
		{82E02AAA-5115-43F1-9D14-A1539F1A1FAC}.Debug|Any CPU.ActiveCfg = Debug|Any CPU
		{82E02AAA-5115-43F1-9D14-A1539F1A1FAC}.Debug|Any CPU.Build.0 = Debug|Any CPU
		{82E02AAA-5115-43F1-9D14-A1539F1A1FAC}.Debug|x64.ActiveCfg = Debug|Any CPU
		{82E02AAA-5115-43F1-9D14-A1539F1A1FAC}.Debug|x64.Build.0 = Debug|Any CPU
		{82E02AAA-5115-43F1-9D14-A1539F1A1FAC}.Debug|x86.ActiveCfg = Debug|Any CPU
		{82E02AAA-5115-43F1-9D14-A1539F1A1FAC}.Debug|x86.Build.0 = Debug|Any CPU
		{82E02AAA-5115-43F1-9D14-A1539F1A1FAC}.Release|Any CPU.ActiveCfg = Release|Any CPU
		{82E02AAA-5115-43F1-9D14-A1539F1A1FAC}.Release|Any CPU.Build.0 = Release|Any CPU
		{82E02AAA-5115-43F1-9D14-A1539F1A1FAC}.Release|x64.ActiveCfg = Release|Any CPU
		{82E02AAA-5115-43F1-9D14-A1539F1A1FAC}.Release|x64.Build.0 = Release|Any CPU
		{82E02AAA-5115-43F1-9D14-A1539F1A1FAC}.Release|x86.ActiveCfg = Release|Any CPU
		{82E02AAA-5115-43F1-9D14-A1539F1A1FAC}.Release|x86.Build.0 = Release|Any CPU
		{5F418ACD-D9C0-4A25-8FA1-54AD24656EC1}.Debug|Any CPU.ActiveCfg = Debug|Any CPU
		{5F418ACD-D9C0-4A25-8FA1-54AD24656EC1}.Debug|Any CPU.Build.0 = Debug|Any CPU
		{5F418ACD-D9C0-4A25-8FA1-54AD24656EC1}.Debug|x64.ActiveCfg = Debug|Any CPU
		{5F418ACD-D9C0-4A25-8FA1-54AD24656EC1}.Debug|x64.Build.0 = Debug|Any CPU
		{5F418ACD-D9C0-4A25-8FA1-54AD24656EC1}.Debug|x86.ActiveCfg = Debug|Any CPU
		{5F418ACD-D9C0-4A25-8FA1-54AD24656EC1}.Debug|x86.Build.0 = Debug|Any CPU
		{5F418ACD-D9C0-4A25-8FA1-54AD24656EC1}.Release|Any CPU.ActiveCfg = Release|Any CPU
		{5F418ACD-D9C0-4A25-8FA1-54AD24656EC1}.Release|Any CPU.Build.0 = Release|Any CPU
		{5F418ACD-D9C0-4A25-8FA1-54AD24656EC1}.Release|x64.ActiveCfg = Release|Any CPU
		{5F418ACD-D9C0-4A25-8FA1-54AD24656EC1}.Release|x64.Build.0 = Release|Any CPU
		{5F418ACD-D9C0-4A25-8FA1-54AD24656EC1}.Release|x86.ActiveCfg = Release|Any CPU
		{5F418ACD-D9C0-4A25-8FA1-54AD24656EC1}.Release|x86.Build.0 = Release|Any CPU
		{030D075D-443E-4CB2-A601-C597F469F818}.Debug|Any CPU.ActiveCfg = Debug|Any CPU
		{030D075D-443E-4CB2-A601-C597F469F818}.Debug|Any CPU.Build.0 = Debug|Any CPU
		{030D075D-443E-4CB2-A601-C597F469F818}.Debug|x64.ActiveCfg = Debug|Any CPU
		{030D075D-443E-4CB2-A601-C597F469F818}.Debug|x64.Build.0 = Debug|Any CPU
		{030D075D-443E-4CB2-A601-C597F469F818}.Debug|x86.ActiveCfg = Debug|Any CPU
		{030D075D-443E-4CB2-A601-C597F469F818}.Debug|x86.Build.0 = Debug|Any CPU
		{030D075D-443E-4CB2-A601-C597F469F818}.Release|Any CPU.ActiveCfg = Release|Any CPU
		{030D075D-443E-4CB2-A601-C597F469F818}.Release|Any CPU.Build.0 = Release|Any CPU
		{030D075D-443E-4CB2-A601-C597F469F818}.Release|x64.ActiveCfg = Release|Any CPU
		{030D075D-443E-4CB2-A601-C597F469F818}.Release|x64.Build.0 = Release|Any CPU
		{030D075D-443E-4CB2-A601-C597F469F818}.Release|x86.ActiveCfg = Release|Any CPU
		{030D075D-443E-4CB2-A601-C597F469F818}.Release|x86.Build.0 = Release|Any CPU
		{30CD9E01-4A36-4C44-98C3-273840D835C1}.Debug|Any CPU.ActiveCfg = Debug|Any CPU
		{30CD9E01-4A36-4C44-98C3-273840D835C1}.Debug|Any CPU.Build.0 = Debug|Any CPU
		{30CD9E01-4A36-4C44-98C3-273840D835C1}.Debug|x64.ActiveCfg = Debug|Any CPU
		{30CD9E01-4A36-4C44-98C3-273840D835C1}.Debug|x64.Build.0 = Debug|Any CPU
		{30CD9E01-4A36-4C44-98C3-273840D835C1}.Debug|x86.ActiveCfg = Debug|Any CPU
		{30CD9E01-4A36-4C44-98C3-273840D835C1}.Debug|x86.Build.0 = Debug|Any CPU
		{30CD9E01-4A36-4C44-98C3-273840D835C1}.Release|Any CPU.ActiveCfg = Release|Any CPU
		{30CD9E01-4A36-4C44-98C3-273840D835C1}.Release|Any CPU.Build.0 = Release|Any CPU
		{30CD9E01-4A36-4C44-98C3-273840D835C1}.Release|x64.ActiveCfg = Release|Any CPU
		{30CD9E01-4A36-4C44-98C3-273840D835C1}.Release|x64.Build.0 = Release|Any CPU
		{30CD9E01-4A36-4C44-98C3-273840D835C1}.Release|x86.ActiveCfg = Release|Any CPU
		{30CD9E01-4A36-4C44-98C3-273840D835C1}.Release|x86.Build.0 = Release|Any CPU
		{EEFCE1B7-51CC-4F82-B8F1-DE8FE6FAA9BA}.Debug|Any CPU.ActiveCfg = Debug|Any CPU
		{EEFCE1B7-51CC-4F82-B8F1-DE8FE6FAA9BA}.Debug|Any CPU.Build.0 = Debug|Any CPU
		{EEFCE1B7-51CC-4F82-B8F1-DE8FE6FAA9BA}.Debug|x64.ActiveCfg = Debug|Any CPU
		{EEFCE1B7-51CC-4F82-B8F1-DE8FE6FAA9BA}.Debug|x64.Build.0 = Debug|Any CPU
		{EEFCE1B7-51CC-4F82-B8F1-DE8FE6FAA9BA}.Debug|x86.ActiveCfg = Debug|Any CPU
		{EEFCE1B7-51CC-4F82-B8F1-DE8FE6FAA9BA}.Debug|x86.Build.0 = Debug|Any CPU
		{EEFCE1B7-51CC-4F82-B8F1-DE8FE6FAA9BA}.Release|Any CPU.ActiveCfg = Release|Any CPU
		{EEFCE1B7-51CC-4F82-B8F1-DE8FE6FAA9BA}.Release|Any CPU.Build.0 = Release|Any CPU
		{EEFCE1B7-51CC-4F82-B8F1-DE8FE6FAA9BA}.Release|x64.ActiveCfg = Release|Any CPU
		{EEFCE1B7-51CC-4F82-B8F1-DE8FE6FAA9BA}.Release|x64.Build.0 = Release|Any CPU
		{EEFCE1B7-51CC-4F82-B8F1-DE8FE6FAA9BA}.Release|x86.ActiveCfg = Release|Any CPU
		{EEFCE1B7-51CC-4F82-B8F1-DE8FE6FAA9BA}.Release|x86.Build.0 = Release|Any CPU
		{E12D3D95-B5E7-45D5-9F95-15E97B6FB1CE}.Debug|Any CPU.ActiveCfg = Debug|Any CPU
		{E12D3D95-B5E7-45D5-9F95-15E97B6FB1CE}.Debug|Any CPU.Build.0 = Debug|Any CPU
		{E12D3D95-B5E7-45D5-9F95-15E97B6FB1CE}.Debug|x64.ActiveCfg = Debug|Any CPU
		{E12D3D95-B5E7-45D5-9F95-15E97B6FB1CE}.Debug|x64.Build.0 = Debug|Any CPU
		{E12D3D95-B5E7-45D5-9F95-15E97B6FB1CE}.Debug|x86.ActiveCfg = Debug|Any CPU
		{E12D3D95-B5E7-45D5-9F95-15E97B6FB1CE}.Debug|x86.Build.0 = Debug|Any CPU
		{E12D3D95-B5E7-45D5-9F95-15E97B6FB1CE}.Release|Any CPU.ActiveCfg = Release|Any CPU
		{E12D3D95-B5E7-45D5-9F95-15E97B6FB1CE}.Release|Any CPU.Build.0 = Release|Any CPU
		{E12D3D95-B5E7-45D5-9F95-15E97B6FB1CE}.Release|x64.ActiveCfg = Release|Any CPU
		{E12D3D95-B5E7-45D5-9F95-15E97B6FB1CE}.Release|x64.Build.0 = Release|Any CPU
		{E12D3D95-B5E7-45D5-9F95-15E97B6FB1CE}.Release|x86.ActiveCfg = Release|Any CPU
		{E12D3D95-B5E7-45D5-9F95-15E97B6FB1CE}.Release|x86.Build.0 = Release|Any CPU
	EndGlobalSection
	GlobalSection(SolutionProperties) = preSolution
		HideSolutionNode = FALSE
	EndGlobalSection
	GlobalSection(NestedProjects) = preSolution
		{1558B619-5B6D-46B7-A86A-7DD58E44B9D2} = {FF192945-65A0-9462-5631-63777B217375}
		{61DC9434-3B75-4461-B570-62146B6FD178} = {FF192945-65A0-9462-5631-63777B217375}
		{D668DA35-F82E-4F4E-BBF8-B4526D029725} = {FF192945-65A0-9462-5631-63777B217375}
		{D2050153-1549-4130-8B8A-7BB12987A0D0} = {FF192945-65A0-9462-5631-63777B217375}
		{C2CB2953-8ACF-43D5-B114-737E7193A0D2} = {59547872-EBD2-A470-7E99-F9A3996BA87D}
		{57BCE20E-EB0B-40E2-8397-0F41FE06194C} = {59547872-EBD2-A470-7E99-F9A3996BA87D}
		{7A1DF391-DC77-4347-BA7A-A89265945D8E} = {59547872-EBD2-A470-7E99-F9A3996BA87D}
		{CBA77182-671B-4E5F-BFCE-6EE6D3025EAF} = {59547872-EBD2-A470-7E99-F9A3996BA87D}
		{BF22D014-F42D-421B-9F37-951DC08FD730} = {0820D0B8-BC19-A472-9C1E-7B8847E560FD}
		{CE4E054C-94C1-4A74-8E8F-44C00F1F867A} = {0820D0B8-BC19-A472-9C1E-7B8847E560FD}
		{F3B21CA9-E6EC-4704-B74A-6ACD12F5F7D0} = {0820D0B8-BC19-A472-9C1E-7B8847E560FD}
		{361E444F-980F-4B59-B503-6DDAB99C6BBB} = {0820D0B8-BC19-A472-9C1E-7B8847E560FD}
		{0596BDFA-E031-4C83-B423-12430FAED35B} = {F62840DF-BAF7-ED17-C6D1-D3FAC62A01AA}
		{19395002-B630-49A0-A69E-13F07F4C5CDC} = {F62840DF-BAF7-ED17-C6D1-D3FAC62A01AA}
		{D0BF1BEB-16E0-49CE-859E-5DECBCC5EEA7} = {F62840DF-BAF7-ED17-C6D1-D3FAC62A01AA}
		{E9B25833-8587-4557-BA74-5C4E98C66B44} = {F62840DF-BAF7-ED17-C6D1-D3FAC62A01AA}
		{3B460ED5-356B-4CEB-8E43-740ADF0EE530} = {A6348D1F-1FAB-4A32-0A12-CD6EE28B59B5}
		{4C34D94E-8E89-4613-8DCD-0A3993069E1A} = {A6348D1F-1FAB-4A32-0A12-CD6EE28B59B5}
		{23E5AA52-7799-4101-8A46-A51C22133A7C} = {A6348D1F-1FAB-4A32-0A12-CD6EE28B59B5}
		{8745D6DB-8D94-4C23-B517-DAD14AEB5425} = {A6348D1F-1FAB-4A32-0A12-CD6EE28B59B5}
		{F460D1D7-C1A5-4EE8-9059-4E35C69179E5} = {1F0BB333-184F-8FB3-1B82-C450A05A9D83}
		{4B37235E-779C-4F31-8923-CE25B329C7D3} = {1F0BB333-184F-8FB3-1B82-C450A05A9D83}
		{2B48208D-2843-453A-8CE9-196536AADA68} = {1F0BB333-184F-8FB3-1B82-C450A05A9D83}
		{7109BE38-1331-490E-B844-8C2415A479CE} = {1F0BB333-184F-8FB3-1B82-C450A05A9D83}
		{8E02FE72-EBF2-4752-913C-BD9AA0CF37A4} = {364A0AD3-B048-50E5-F245-7897C53107C9}
		{983E77D9-B8F2-4D9A-B9EC-72CF604B060E} = {364A0AD3-B048-50E5-F245-7897C53107C9}
		{E9AF2D17-2DE0-406A-B166-80030D9E41A1} = {364A0AD3-B048-50E5-F245-7897C53107C9}
		{E6244468-9A5F-4F45-9030-4D7349DB0C0B} = {364A0AD3-B048-50E5-F245-7897C53107C9}
		{F88BD593-59F2-4A3C-8F54-1FADCC305890} = {0D58426B-2B43-B367-D2FB-A8E8F27F619A}
		{93133334-6E7F-4BBA-8A00-C20C33F9F552} = {0D58426B-2B43-B367-D2FB-A8E8F27F619A}
		{D6045EB5-7E18-4FE6-ACBF-089FD1676A27} = {0D58426B-2B43-B367-D2FB-A8E8F27F619A}
		{B2CBAF64-DA40-48EB-A884-32AC0F3411C4} = {9DAF97FD-B772-4BB5-402F-9920BC27409A}
		{08F2F47A-8F39-4272-B0C6-34AB5B1C4A37} = {9DAF97FD-B772-4BB5-402F-9920BC27409A}
		{A9E5DD31-675A-4CC1-BA37-3DCE246DD81B} = {9DAF97FD-B772-4BB5-402F-9920BC27409A}
		{82E02AAA-5115-43F1-9D14-A1539F1A1FAC} = {9DAF97FD-B772-4BB5-402F-9920BC27409A}
		{5F418ACD-D9C0-4A25-8FA1-54AD24656EC1} = {80C24F1A-F2DD-E5BB-E216-952523438F4B}
		{030D075D-443E-4CB2-A601-C597F469F818} = {80C24F1A-F2DD-E5BB-E216-952523438F4B}
		{30CD9E01-4A36-4C44-98C3-273840D835C1} = {80C24F1A-F2DD-E5BB-E216-952523438F4B}
		{EEFCE1B7-51CC-4F82-B8F1-DE8FE6FAA9BA} = {80C24F1A-F2DD-E5BB-E216-952523438F4B}
	EndGlobalSection
EndGlobal
